# THIS IS AN AUTOGENERATED FILE. DO NOT EDIT THIS FILE DIRECTLY.
# yarn lockfile v1


bun-types@^1.0.3:
  version "1.0.3"
  resolved "https://registry.yarnpkg.com/bun-types/-/bun-types-1.0.3.tgz#a39cab751be5c881bf757afc5d9e9c7ff7a797d8"
  integrity sha512-XlyKVdYCHa7K5PHYGcwOVOrGE/bMnLS51y7zFA3ZAAXyiQ6dTaNXNCWTTufgII/6ruN770uhAXphQmzvU/r2fQ==
